// !$*UTF8*$!
{
	archiveVersion = 1;
	classes = {
	};
	objectVersion = 56;
	objects = {

/* Begin PBXBuildFile section */
		OBJ_1 /* DailyPlannerApp.swift in Sources */ = {isa = PBXBuildFile; fileRef = OBJ_6 /* DailyPlannerApp.swift */; };
		OBJ_2 /* CoreDataModels.swift in Sources */ = {isa = PBXBuildFile; fileRef = OBJ_7 /* CoreDataModels.swift */; };
		OBJ_3 /* CoreDataManager.swift in Sources */ = {isa = PBXBuildFile; fileRef = OBJ_8 /* CoreDataManager.swift */; };
		OBJ_4 /* NotificationService.swift in Sources */ = {isa = PBXBuildFile; fileRef = OBJ_9 /* NotificationService.swift */; };
		OBJ_5 /* Views in Sources */ = {isa = PBXBuildFile; fileRef = OBJ_10 /* Views */; };
/* End PBXBuildFile section */

/* Begin PBXFileReference section */
		OBJ_6 /* DailyPlannerApp.swift */ = {isa = PBXFileReference; lastKnownFileType = sourcecode.swift; path = DailyPlannerApp.swift; sourceTree = "<group>"; };
		OBJ_7 /* CoreDataModels.swift */ = {isa = PBXFileReference; lastKnownFileType = sourcecode.swift; path = Models/CoreDataModels.swift; sourceTree = "<group>"; };
		OBJ_8 /* CoreDataManager.swift */ = {isa = PBXFileReference; lastKnownFileType = sourcecode.swift; path = Services/CoreDataManager.swift; sourceTree = "<group>"; };
		OBJ_9 /* NotificationService.swift */ = {isa = PBXFileReference; lastKnownFileType = sourcecode.swift; path = Services/NotificationService.swift; sourceTree = "<group>"; };
		OBJ_10 /* Views */ = {isa = PBXFileReference; lastKnownFileType = folder; path = Views; sourceTree = "<group>"; };
		OBJ_11 /* DailyPlanner.xcdatamodeld */ = {isa = PBXFileReference; lastKnownFileType = wrapper.xcdatamodeld; path = DailyPlanner.xcdatamodeld; sourceTree = "<group>"; };
		OBJ_12 /* Assets.xcassets */ = {isa = PBXFileReference; lastKnownFileType = folder.assetcatalog; path = Assets.xcassets; sourceTree = "<group>"; };
/* End PBXFileReference section */

/* Begin PBXFrameworksBuildPhase section */
		OBJ_13 /* Frameworks */ = {
			isa = PBXFrameworksBuildPhase;
			buildActionMask = 2147483647;
			files = (
			);
			runOnlyForDeploymentPostprocessing = 0;
		};
/* End PBXFrameworksBuildPhase section */

/* Begin PBXGroup section */
		OBJ_14 /* DailyPlanner */ = {
			isa = PBXGroup;
			children = (
				OBJ_6 /* DailyPlannerApp.swift */,
				OBJ_7 /* CoreDataModels.swift */,
				OBJ_8 /* CoreDataManager.swift */,
				OBJ_9 /* NotificationService.swift */,
				OBJ_10 /* Views */,
				OBJ_11 /* DailyPlanner.xcdatamodeld */,
				OBJ_12 /* Assets.xcassets */,
			);
			sourceTree = "<group>";
		};
		OBJ_15 /* Products */ = {
			isa = PBXGroup;
			children = (
				OBJ_16 /* DailyPlanner.app */,
			);
			name = Products;
			sourceTree = "<group>";
		};
/* End PBXGroup section */

/* Begin PBXNativeTarget section */
		OBJ_17 /* DailyPlanner */ = {
			isa = PBXNativeTarget;
			buildConfigurationList = OBJ_20 /* Build configuration list for PBXNativeTarget "DailyPlanner" */;
			buildPhases = (
				OBJ_18 /* Sources */,
				OBJ_13 /* Frameworks */,
			);
			buildRules = (
			);
			dependencies = (
			);
			name = DailyPlanner;
			productName = DailyPlanner;
			productReference = OBJ_16 /* DailyPlanner.app */;
			productType = "com.apple.product-type.application";
		};
/* End PBXNativeTarget section */

/* Begin PBXProject section */
		OBJ_19 /* Project object */ = {
			isa = PBXProject;
			attributes = {
				BuildIndependentTargetsInParallel = YES;
				LastUpgradeCheck = 1600;
				ORGANIZATIONNAME = "Your Organization";
				TargetAttributes = {
					OBJ_17 = {
						CreatedOnToolsVersion = 16.0;
					};
				};
			};
			buildConfigurationList = OBJ_23 /* Build configuration list for PBXProject "DailyPlanner" */;
			compatibilityVersion = "Xcode 14.0";
			developmentRegion = en;
			hasScannedForEncodings = 0;
			knownRegions = (
				en,
				Base,
			);
			mainGroup = OBJ_14 /* DailyPlanner */;
			productRefGroup = OBJ_15 /* Products */;
			projectDirPath = "";
			projectRoot = "";
			targets = (
				OBJ_17 /* DailyPlanner */,
			);
		};
/* End PBXProject section */

/* Begin PBXSourcesBuildPhase section */
		OBJ_18 /* Sources */ = {
			isa = PBXSourcesBuildPhase;
			buildActionMask = 2147483647;
			files = (
				OBJ_1 /* DailyPlannerApp.swift in Sources */,
				OBJ_2 /* CoreDataModels.swift in Sources */,
				OBJ_3 /* CoreDataManager.swift in Sources */,
				OBJ_4 /* NotificationService.swift in Sources */,
				OBJ_5 /* Views in Sources */,
			);
			runOnlyForDeploymentPostprocessing = 0;
		};
/* End PBXSourcesBuildPhase section */

/* Begin XCBuildConfiguration section */
		OBJ_21 /* Debug */ = {
			isa = XCBuildConfiguration;
			buildSettings = {
				ASSETCATALOG_COMPILER_APPICON_NAME = AppIcon;
				ASSETCATALOG_COMPILER_GLOBAL_ACCENT_COLOR_NAME = AccentColor;
				CODE_SIGN_STYLE = Automatic;
				CURRENT_PROJECT_VERSION = 1;
				DEVELOPMENT_TEAM = "";
				ENABLE_PREVIEWS = YES;
				GENERATE_INFOPLIST_FILE = YES;
				IPHONEOS_DEPLOYMENT_TARGET = 16.0;
				MARKETING_VERSION = 1.0;
				PRODUCT_BUNDLE_IDENTIFIER = com.yourname.dailyplanner;
				PRODUCT_NAME = "$(TARGET_NAME:c99extidentifier)";
				SWIFT_EMIT_LOC_STRINGS = YES;
				SWIFT_VERSION = 5.0;
				TARGETED_DEVICE_FAMILY = "1,2";
			};
			name = Debug;
		};
		OBJ_22 /* Release */ = {
			isa = XCBuildConfiguration;
			buildSettings = {
				ASSETCATALOG_COMPILER_APPICON_NAME = AppIcon;
				ASSETCATALOG_COMPILER_GLOBAL_ACCENT_COLOR_NAME = AccentColor;
				CODE_SIGN_STYLE = Automatic;
				CURRENT_PROJECT_VERSION = 1;
				DEVELOPMENT_TEAM = "";
				ENABLE_PREVIEWS = YES;
				GENERATE_INFOPLIST_FILE = YES;
				IPHONEOS_DEPLOYMENT_TARGET = 16.0;
				MARKETING_VERSION = 1.0;
				PRODUCT_BUNDLE_IDENTIFIER = com.yourname.dailyplanner;
				PRODUCT_NAME = "$(TARGET_NAME:c99extidentifier)";
				SWIFT_EMIT_LOC_STRINGS = YES;
				SWIFT_VERSION = 5.0;
				TARGETED_DEVICE_FAMILY = "1,2";
			};
			name = Release;
		};
/* End XCBuildConfiguration section */

/* Begin XCConfigurationList section */
		OBJ_20 /* Build configuration list for PBXNativeTarget "DailyPlanner" */ = {
			isa = XCConfigurationList;
			buildConfigurations = (
				OBJ_21 /* Debug */,
				OBJ_22 /* Release */,
			);
			defaultConfigurationIsVisible = 0;
			defaultConfigurationName = Release;
		};
		OBJ_23 /* Build configuration list for PBXProject "DailyPlanner" */ = {
			isa = XCConfigurationList;
			buildConfigurations = (
				OBJ_21 /* Debug */,
				OBJ_22 /* Release */,
			);
			defaultConfigurationIsVisible = 0;
			defaultConfigurationName = Release;
		};
/* End XCConfigurationList section */
	};
	rootObject = OBJ_19 /* Project object */;
}
